
Microsoft Visual Studio Solution File, Format Version 12.00
# Visual Studio Version 17
VisualStudioVersion = 17.5.002.0
MinimumVisualStudioVersion = 10.0.40219.1
Project("{9A19103F-16F7-4668-BE54-9A1E7A4F7556}") = "LemonadeStand", "LemonadeStand.csproj", "{EFD0DC68-B722-49BB-AE73-95DACEEF902B}"
EndProject
Global
	GlobalSection(SolutionConfigurationPlatforms) = preSolution
		Debug|Any CPU = Debug|Any CPU
		Release|Any CPU = Release|Any CPU
	EndGlobalSection
	GlobalSection(ProjectConfigurationPlatforms) = postSolution
		{EFD0DC68-B722-49BB-AE73-95DACEEF902B}.Debug|Any CPU.ActiveCfg = Debug|Any CPU
		{EFD0DC68-B722-49BB-AE73-95DACEEF902B}.Debug|Any CPU.Build.0 = Debug|Any CPU
		{EFD0DC68-B722-49BB-AE73-95DACEEF902B}.Release|Any CPU.ActiveCfg = Release|Any CPU
		{EFD0DC68-B722-49BB-AE73-95DACEEF902B}.Release|Any CPU.Build.0 = Release|Any CPU
	EndGlobalSection
	GlobalSection(SolutionProperties) = preSolution
		HideSolutionNode = FALSE
	EndGlobalSection
	GlobalSection(ExtensibilityGlobals) = postSolution
		SolutionGuid = {3E2AAB7B-312E-448B-9EC1-32951C0D3A2F}
	EndGlobalSection
EndGlobal
